// !$*UTF8*$!
{
	archiveVersion = 1;
	classes = {
	};
	objectVersion = 46;
	objects = {

/* Begin PBXBuildFile section */
		36C4678E3B69F8FA88C5FA5F /* Pods_dev_chatTests.framework in Frameworks */ = {isa = PBXBuildFile; fileRef = E83E594072A49F8549A3257A /* Pods_dev_chatTests.framework */; };
		53D67D570E9724F82DC88430 /* Pods_dev_chatUITests.framework in Frameworks */ = {isa = PBXBuildFile; fileRef = 8A7619837EA5778FCEAF72F8 /* Pods_dev_chatUITests.framework */; };
		AF7FDB301DB40B1D00B281B1 /* GoogleService-Info.plist in Resources */ = {isa = PBXBuildFile; fileRef = AF7FDB2F1DB40B1D00B281B1 /* GoogleService-Info.plist */; };
		AFA8440F1DA6EFBB00171FB5 /* AppDelegate.swift in Sources */ = {isa = PBXBuildFile; fileRef = AFA8440E1DA6EFBB00171FB5 /* AppDelegate.swift */; };
		AFA844111DA6EFBB00171FB5 /* CameraVC.swift in Sources */ = {isa = PBXBuildFile; fileRef = AFA844101DA6EFBB00171FB5 /* CameraVC.swift */; };
		AFA844141DA6EFBB00171FB5 /* Main.storyboard in Resources */ = {isa = PBXBuildFile; fileRef = AFA844121DA6EFBB00171FB5 /* Main.storyboard */; };
		AFA844161DA6EFBB00171FB5 /* Assets.xcassets in Resources */ = {isa = PBXBuildFile; fileRef = AFA844151DA6EFBB00171FB5 /* Assets.xcassets */; };
		AFA844191DA6EFBB00171FB5 /* LaunchScreen.storyboard in Resources */ = {isa = PBXBuildFile; fileRef = AFA844171DA6EFBB00171FB5 /* LaunchScreen.storyboard */; };
		AFA844241DA6EFBB00171FB5 /* dev_chatTests.swift in Sources */ = {isa = PBXBuildFile; fileRef = AFA844231DA6EFBB00171FB5 /* dev_chatTests.swift */; };
		AFA8442F1DA6EFBB00171FB5 /* dev_chatUITests.swift in Sources */ = {isa = PBXBuildFile; fileRef = AFA8442E1DA6EFBB00171FB5 /* dev_chatUITests.swift */; };
		AFA8443E1DA6F46D00171FB5 /* PreviewView.swift in Sources */ = {isa = PBXBuildFile; fileRef = AFA8443C1DA6F46D00171FB5 /* PreviewView.swift */; };
		AFA8443F1DA6F46D00171FB5 /* CameraViewController.swift in Sources */ = {isa = PBXBuildFile; fileRef = AFA8443D1DA6F46D00171FB5 /* CameraViewController.swift */; };
		AFA844411DA6F49B00171FB5 /* PhotoCaptureDelegate.swift in Sources */ = {isa = PBXBuildFile; fileRef = AFA844401DA6F49B00171FB5 /* PhotoCaptureDelegate.swift */; };
		AFFE215C1DB53F4A00EEE656 /* RoundTextField.swift in Sources */ = {isa = PBXBuildFile; fileRef = AFFE215B1DB53F4A00EEE656 /* RoundTextField.swift */; };
		AFFE215E1DB546D000EEE656 /* RoundedButton.swift in Sources */ = {isa = PBXBuildFile; fileRef = AFFE215D1DB546D000EEE656 /* RoundedButton.swift */; };
		AFFFF3751DAD62FF0067D536 /* CameraViewControllerDelegate.swift in Sources */ = {isa = PBXBuildFile; fileRef = AFFFF3741DAD62FF0067D536 /* CameraViewControllerDelegate.swift */; };
		EFB4D178996039EEF591BED8 /* Pods_dev_chat.framework in Frameworks */ = {isa = PBXBuildFile; fileRef = DABAA12A92545DB95458DFF7 /* Pods_dev_chat.framework */; };
/* End PBXBuildFile section */

/* Begin PBXContainerItemProxy section */
		AFA844201DA6EFBB00171FB5 /* PBXContainerItemProxy */ = {
			isa = PBXContainerItemProxy;
			containerPortal = AFA844031DA6EFBB00171FB5 /* Project object */;
			proxyType = 1;
			remoteGlobalIDString = AFA8440A1DA6EFBB00171FB5;
			remoteInfo = "dev-chat";
		};
		AFA8442B1DA6EFBB00171FB5 /* PBXContainerItemProxy */ = {
			isa = PBXContainerItemProxy;
			containerPortal = AFA844031DA6EFBB00171FB5 /* Project object */;
			proxyType = 1;
			remoteGlobalIDString = AFA8440A1DA6EFBB00171FB5;
			remoteInfo = "dev-chat";
		};
/* End PBXContainerItemProxy section */

/* Begin PBXFileReference section */
		0C5EC1264B0BE254B630B7DC /* Pods-dev-chatTests.debug.xcconfig */ = {isa = PBXFileReference; includeInIndex = 1; lastKnownFileType = text.xcconfig; name = "Pods-dev-chatTests.debug.xcconfig"; path = "Pods/Target Support Files/Pods-dev-chatTests/Pods-dev-chatTests.debug.xcconfig"; sourceTree = "<group>"; };
		5EEFDAF6990F21564EA30A95 /* Pods-dev-chat.debug.xcconfig */ = {isa = PBXFileReference; includeInIndex = 1; lastKnownFileType = text.xcconfig; name = "Pods-dev-chat.debug.xcconfig"; path = "Pods/Target Support Files/Pods-dev-chat/Pods-dev-chat.debug.xcconfig"; sourceTree = "<group>"; };
		8A7619837EA5778FCEAF72F8 /* Pods_dev_chatUITests.framework */ = {isa = PBXFileReference; explicitFileType = wrapper.framework; includeInIndex = 0; path = Pods_dev_chatUITests.framework; sourceTree = BUILT_PRODUCTS_DIR; };
		AF7FDB2F1DB40B1D00B281B1 /* GoogleService-Info.plist */ = {isa = PBXFileReference; fileEncoding = 4; lastKnownFileType = text.plist.xml; path = "GoogleService-Info.plist"; sourceTree = "<group>"; };
		AFA8440B1DA6EFBB00171FB5 /* dev-chat.app */ = {isa = PBXFileReference; explicitFileType = wrapper.application; includeInIndex = 0; path = "dev-chat.app"; sourceTree = BUILT_PRODUCTS_DIR; };
		AFA8440E1DA6EFBB00171FB5 /* AppDelegate.swift */ = {isa = PBXFileReference; lastKnownFileType = sourcecode.swift; path = AppDelegate.swift; sourceTree = "<group>"; };
		AFA844101DA6EFBB00171FB5 /* CameraVC.swift */ = {isa = PBXFileReference; lastKnownFileType = sourcecode.swift; path = CameraVC.swift; sourceTree = "<group>"; };
		AFA844131DA6EFBB00171FB5 /* Base */ = {isa = PBXFileReference; lastKnownFileType = file.storyboard; name = Base; path = Base.lproj/Main.storyboard; sourceTree = "<group>"; };
		AFA844151DA6EFBB00171FB5 /* Assets.xcassets */ = {isa = PBXFileReference; lastKnownFileType = folder.assetcatalog; path = Assets.xcassets; sourceTree = "<group>"; };
		AFA844181DA6EFBB00171FB5 /* Base */ = {isa = PBXFileReference; lastKnownFileType = file.storyboard; name = Base; path = Base.lproj/LaunchScreen.storyboard; sourceTree = "<group>"; };
		AFA8441A1DA6EFBB00171FB5 /* Info.plist */ = {isa = PBXFileReference; lastKnownFileType = text.plist.xml; path = Info.plist; sourceTree = "<group>"; };
		AFA8441F1DA6EFBB00171FB5 /* dev-chatTests.xctest */ = {isa = PBXFileReference; explicitFileType = wrapper.cfbundle; includeInIndex = 0; path = "dev-chatTests.xctest"; sourceTree = BUILT_PRODUCTS_DIR; };
		AFA844231DA6EFBB00171FB5 /* dev_chatTests.swift */ = {isa = PBXFileReference; lastKnownFileType = sourcecode.swift; path = dev_chatTests.swift; sourceTree = "<group>"; };
		AFA844251DA6EFBB00171FB5 /* Info.plist */ = {isa = PBXFileReference; lastKnownFileType = text.plist.xml; path = Info.plist; sourceTree = "<group>"; };
		AFA8442A1DA6EFBB00171FB5 /* dev-chatUITests.xctest */ = {isa = PBXFileReference; explicitFileType = wrapper.cfbundle; includeInIndex = 0; path = "dev-chatUITests.xctest"; sourceTree = BUILT_PRODUCTS_DIR; };
		AFA8442E1DA6EFBB00171FB5 /* dev_chatUITests.swift */ = {isa = PBXFileReference; lastKnownFileType = sourcecode.swift; path = dev_chatUITests.swift; sourceTree = "<group>"; };
		AFA844301DA6EFBB00171FB5 /* Info.plist */ = {isa = PBXFileReference; lastKnownFileType = text.plist.xml; path = Info.plist; sourceTree = "<group>"; };
		AFA8443C1DA6F46D00171FB5 /* PreviewView.swift */ = {isa = PBXFileReference; fileEncoding = 4; lastKnownFileType = sourcecode.swift; path = PreviewView.swift; sourceTree = "<group>"; };
		AFA8443D1DA6F46D00171FB5 /* CameraViewController.swift */ = {isa = PBXFileReference; fileEncoding = 4; lastKnownFileType = sourcecode.swift; path = CameraViewController.swift; sourceTree = "<group>"; };
		AFA844401DA6F49B00171FB5 /* PhotoCaptureDelegate.swift */ = {isa = PBXFileReference; fileEncoding = 4; lastKnownFileType = sourcecode.swift; path = PhotoCaptureDelegate.swift; sourceTree = "<group>"; };
		AFFE215B1DB53F4A00EEE656 /* RoundTextField.swift */ = {isa = PBXFileReference; fileEncoding = 4; lastKnownFileType = sourcecode.swift; path = RoundTextField.swift; sourceTree = "<group>"; };
		AFFE215D1DB546D000EEE656 /* RoundedButton.swift */ = {isa = PBXFileReference; fileEncoding = 4; lastKnownFileType = sourcecode.swift; path = RoundedButton.swift; sourceTree = "<group>"; };
		AFFFF3741DAD62FF0067D536 /* CameraViewControllerDelegate.swift */ = {isa = PBXFileReference; fileEncoding = 4; lastKnownFileType = sourcecode.swift; path = CameraViewControllerDelegate.swift; sourceTree = "<group>"; };
		BDD29DDD7745A69A35E585E2 /* Pods-dev-chatUITests.debug.xcconfig */ = {isa = PBXFileReference; includeInIndex = 1; lastKnownFileType = text.xcconfig; name = "Pods-dev-chatUITests.debug.xcconfig"; path = "Pods/Target Support Files/Pods-dev-chatUITests/Pods-dev-chatUITests.debug.xcconfig"; sourceTree = "<group>"; };
		C5B2C524DD1B5372F8110A10 /* Pods-dev-chat.release.xcconfig */ = {isa = PBXFileReference; includeInIndex = 1; lastKnownFileType = text.xcconfig; name = "Pods-dev-chat.release.xcconfig"; path = "Pods/Target Support Files/Pods-dev-chat/Pods-dev-chat.release.xcconfig"; sourceTree = "<group>"; };
		DA1692B0ADF5E2AF05C1A93C /* Pods-dev-chatTests.release.xcconfig */ = {isa = PBXFileReference; includeInIndex = 1; lastKnownFileType = text.xcconfig; name = "Pods-dev-chatTests.release.xcconfig"; path = "Pods/Target Support Files/Pods-dev-chatTests/Pods-dev-chatTests.release.xcconfig"; sourceTree = "<group>"; };
		DABAA12A92545DB95458DFF7 /* Pods_dev_chat.framework */ = {isa = PBXFileReference; explicitFileType = wrapper.framework; includeInIndex = 0; path = Pods_dev_chat.framework; sourceTree = BUILT_PRODUCTS_DIR; };
		E22B006891B886DD43C72128 /* Pods-dev-chatUITests.release.xcconfig */ = {isa = PBXFileReference; includeInIndex = 1; lastKnownFileType = text.xcconfig; name = "Pods-dev-chatUITests.release.xcconfig"; path = "Pods/Target Support Files/Pods-dev-chatUITests/Pods-dev-chatUITests.release.xcconfig"; sourceTree = "<group>"; };
		E83E594072A49F8549A3257A /* Pods_dev_chatTests.framework */ = {isa = PBXFileReference; explicitFileType = wrapper.framework; includeInIndex = 0; path = Pods_dev_chatTests.framework; sourceTree = BUILT_PRODUCTS_DIR; };
/* End PBXFileReference section */

/* Begin PBXFrameworksBuildPhase section */
		AFA844081DA6EFBB00171FB5 /* Frameworks */ = {
			isa = PBXFrameworksBuildPhase;
			buildActionMask = 2147483647;
			files = (
				EFB4D178996039EEF591BED8 /* Pods_dev_chat.framework in Frameworks */,
			);
			runOnlyForDeploymentPostprocessing = 0;
		};
		AFA8441C1DA6EFBB00171FB5 /* Frameworks */ = {
			isa = PBXFrameworksBuildPhase;
			buildActionMask = 2147483647;
			files = (
				36C4678E3B69F8FA88C5FA5F /* Pods_dev_chatTests.framework in Frameworks */,
			);
			runOnlyForDeploymentPostprocessing = 0;
		};
		AFA844271DA6EFBB00171FB5 /* Frameworks */ = {
			isa = PBXFrameworksBuildPhase;
			buildActionMask = 2147483647;
			files = (
				53D67D570E9724F82DC88430 /* Pods_dev_chatUITests.framework in Frameworks */,
			);
			runOnlyForDeploymentPostprocessing = 0;
		};
/* End PBXFrameworksBuildPhase section */

/* Begin PBXGroup section */
		6846E26AE5010DDCAF2CF6FA /* Pods */ = {
			isa = PBXGroup;
			children = (
				5EEFDAF6990F21564EA30A95 /* Pods-dev-chat.debug.xcconfig */,
				C5B2C524DD1B5372F8110A10 /* Pods-dev-chat.release.xcconfig */,
				0C5EC1264B0BE254B630B7DC /* Pods-dev-chatTests.debug.xcconfig */,
				DA1692B0ADF5E2AF05C1A93C /* Pods-dev-chatTests.release.xcconfig */,
				BDD29DDD7745A69A35E585E2 /* Pods-dev-chatUITests.debug.xcconfig */,
				E22B006891B886DD43C72128 /* Pods-dev-chatUITests.release.xcconfig */,
			);
			name = Pods;
			sourceTree = "<group>";
		};
		AFA844021DA6EFBB00171FB5 = {
			isa = PBXGroup;
			children = (
				AFA8440D1DA6EFBB00171FB5 /* dev-chat */,
				AFA844221DA6EFBB00171FB5 /* dev-chatTests */,
				AFA8442D1DA6EFBB00171FB5 /* dev-chatUITests */,
				AFA8440C1DA6EFBB00171FB5 /* Products */,
				6846E26AE5010DDCAF2CF6FA /* Pods */,
				CBC2E0EC49071FEE743D6E28 /* Frameworks */,
			);
			sourceTree = "<group>";
		};
		AFA8440C1DA6EFBB00171FB5 /* Products */ = {
			isa = PBXGroup;
			children = (
				AFA8440B1DA6EFBB00171FB5 /* dev-chat.app */,
				AFA8441F1DA6EFBB00171FB5 /* dev-chatTests.xctest */,
				AFA8442A1DA6EFBB00171FB5 /* dev-chatUITests.xctest */,
			);
			name = Products;
			sourceTree = "<group>";
		};
		AFA8440D1DA6EFBB00171FB5 /* dev-chat */ = {
			isa = PBXGroup;
			children = (
				AFFFF3731DAD62D00067D536 /* Protocols */,
				AFA844431DA6F4BF00171FB5 /* Controller */,
				AFA844421DA6F4A900171FB5 /* View */,
				AFA844401DA6F49B00171FB5 /* PhotoCaptureDelegate.swift */,
				AFA8440E1DA6EFBB00171FB5 /* AppDelegate.swift */,
				AFA844121DA6EFBB00171FB5 /* Main.storyboard */,
				AFA844151DA6EFBB00171FB5 /* Assets.xcassets */,
				AFA844171DA6EFBB00171FB5 /* LaunchScreen.storyboard */,
				AFA8441A1DA6EFBB00171FB5 /* Info.plist */,
				AF7FDB2F1DB40B1D00B281B1 /* GoogleService-Info.plist */,
			);
			path = "dev-chat";
			sourceTree = "<group>";
		};
		AFA844221DA6EFBB00171FB5 /* dev-chatTests */ = {
			isa = PBXGroup;
			children = (
				AFA844231DA6EFBB00171FB5 /* dev_chatTests.swift */,
				AFA844251DA6EFBB00171FB5 /* Info.plist */,
			);
			path = "dev-chatTests";
			sourceTree = "<group>";
		};
		AFA8442D1DA6EFBB00171FB5 /* dev-chatUITests */ = {
			isa = PBXGroup;
			children = (
				AFA8442E1DA6EFBB00171FB5 /* dev_chatUITests.swift */,
				AFA844301DA6EFBB00171FB5 /* Info.plist */,
			);
			path = "dev-chatUITests";
			sourceTree = "<group>";
		};
		AFA844421DA6F4A900171FB5 /* View */ = {
			isa = PBXGroup;
			children = (
				AFA8443C1DA6F46D00171FB5 /* PreviewView.swift */,
				AFFE215B1DB53F4A00EEE656 /* RoundTextField.swift */,
				AFFE215D1DB546D000EEE656 /* RoundedButton.swift */,
			);
			name = View;
			sourceTree = "<group>";
		};
		AFA844431DA6F4BF00171FB5 /* Controller */ = {
			isa = PBXGroup;
			children = (
				AFA844101DA6EFBB00171FB5 /* CameraVC.swift */,
				AFA8443D1DA6F46D00171FB5 /* CameraViewController.swift */,
			);
			name = Controller;
			sourceTree = "<group>";
		};
		AFFFF3731DAD62D00067D536 /* Protocols */ = {
			isa = PBXGroup;
			children = (
				AFFFF3741DAD62FF0067D536 /* CameraViewControllerDelegate.swift */,
			);
			name = Protocols;
			sourceTree = "<group>";
		};
		CBC2E0EC49071FEE743D6E28 /* Frameworks */ = {
			isa = PBXGroup;
			children = (
				DABAA12A92545DB95458DFF7 /* Pods_dev_chat.framework */,
				E83E594072A49F8549A3257A /* Pods_dev_chatTests.framework */,
				8A7619837EA5778FCEAF72F8 /* Pods_dev_chatUITests.framework */,
			);
			name = Frameworks;
			sourceTree = "<group>";
		};
/* End PBXGroup section */

/* Begin PBXNativeTarget section */
		AFA8440A1DA6EFBB00171FB5 /* dev-chat */ = {
			isa = PBXNativeTarget;
			buildConfigurationList = AFA844331DA6EFBB00171FB5 /* Build configuration list for PBXNativeTarget "dev-chat" */;
			buildPhases = (
				2B1FA132292C6A1E75B4E1E1 /* [CP] Check Pods Manifest.lock */,
				AFA844071DA6EFBB00171FB5 /* Sources */,
				AFA844081DA6EFBB00171FB5 /* Frameworks */,
				AFA844091DA6EFBB00171FB5 /* Resources */,
				20A80FC8CB40876EEB3A0805 /* [CP] Embed Pods Frameworks */,
				B5D19C4560A7BE690BACD106 /* [CP] Copy Pods Resources */,
			);
			buildRules = (
			);
			dependencies = (
			);
			name = "dev-chat";
			productName = "dev-chat";
			productReference = AFA8440B1DA6EFBB00171FB5 /* dev-chat.app */;
			productType = "com.apple.product-type.application";
		};
		AFA8441E1DA6EFBB00171FB5 /* dev-chatTests */ = {
			isa = PBXNativeTarget;
			buildConfigurationList = AFA844361DA6EFBB00171FB5 /* Build configuration list for PBXNativeTarget "dev-chatTests" */;
			buildPhases = (
				A0EDD4CEBBA3A0F17427FBE6 /* [CP] Check Pods Manifest.lock */,
				AFA8441B1DA6EFBB00171FB5 /* Sources */,
				AFA8441C1DA6EFBB00171FB5 /* Frameworks */,
				AFA8441D1DA6EFBB00171FB5 /* Resources */,
				D3023641A1FC80B79D33481C /* [CP] Embed Pods Frameworks */,
				BF09D1EFD738B6833C9C9073 /* [CP] Copy Pods Resources */,
			);
			buildRules = (
			);
			dependencies = (
				AFA844211DA6EFBB00171FB5 /* PBXTargetDependency */,
			);
			name = "dev-chatTests";
			productName = "dev-chatTests";
			productReference = AFA8441F1DA6EFBB00171FB5 /* dev-chatTests.xctest */;
			productType = "com.apple.product-type.bundle.unit-test";
		};
		AFA844291DA6EFBB00171FB5 /* dev-chatUITests */ = {
			isa = PBXNativeTarget;
			buildConfigurationList = AFA844391DA6EFBB00171FB5 /* Build configuration list for PBXNativeTarget "dev-chatUITests" */;
			buildPhases = (
				34D216DA1C5473E8CE1CD587 /* [CP] Check Pods Manifest.lock */,
				AFA844261DA6EFBB00171FB5 /* Sources */,
				AFA844271DA6EFBB00171FB5 /* Frameworks */,
				AFA844281DA6EFBB00171FB5 /* Resources */,
				F61ACCD4109493075C34E658 /* [CP] Copy Pods Resources */,
			);
			buildRules = (
			);
			dependencies = (
				AFA8442C1DA6EFBB00171FB5 /* PBXTargetDependency */,
			);
			name = "dev-chatUITests";
			productName = "dev-chatUITests";
			productReference = AFA8442A1DA6EFBB00171FB5 /* dev-chatUITests.xctest */;
			productType = "com.apple.product-type.bundle.ui-testing";
		};
/* End PBXNativeTarget section */

/* Begin PBXProject section */
		AFA844031DA6EFBB00171FB5 /* Project object */ = {
			isa = PBXProject;
			attributes = {
				LastSwiftUpdateCheck = 0800;
				LastUpgradeCheck = 0800;
				ORGANIZATIONNAME = "Ryan Huebert";
				TargetAttributes = {
					AFA8440A1DA6EFBB00171FB5 = {
						CreatedOnToolsVersion = 8.0;
						DevelopmentTeam = XP74QF7MZ5;
						ProvisioningStyle = Automatic;
					};
					AFA8441E1DA6EFBB00171FB5 = {
						CreatedOnToolsVersion = 8.0;
						DevelopmentTeam = XP74QF7MZ5;
						ProvisioningStyle = Automatic;
						TestTargetID = AFA8440A1DA6EFBB00171FB5;
					};
					AFA844291DA6EFBB00171FB5 = {
						CreatedOnToolsVersion = 8.0;
						DevelopmentTeam = XP74QF7MZ5;
						ProvisioningStyle = Automatic;
						TestTargetID = AFA8440A1DA6EFBB00171FB5;
					};
				};
			};
			buildConfigurationList = AFA844061DA6EFBB00171FB5 /* Build configuration list for PBXProject "dev-chat" */;
			compatibilityVersion = "Xcode 3.2";
			developmentRegion = English;
			hasScannedForEncodings = 0;
			knownRegions = (
				en,
				Base,
			);
			mainGroup = AFA844021DA6EFBB00171FB5;
			productRefGroup = AFA8440C1DA6EFBB00171FB5 /* Products */;
			projectDirPath = "";
			projectRoot = "";
			targets = (
				AFA8440A1DA6EFBB00171FB5 /* dev-chat */,
				AFA8441E1DA6EFBB00171FB5 /* dev-chatTests */,
				AFA844291DA6EFBB00171FB5 /* dev-chatUITests */,
			);
		};
/* End PBXProject section */

/* Begin PBXResourcesBuildPhase section */
		AFA844091DA6EFBB00171FB5 /* Resources */ = {
			isa = PBXResourcesBuildPhase;
			buildActionMask = 2147483647;
			files = (
				AFA844191DA6EFBB00171FB5 /* LaunchScreen.storyboard in Resources */,
				AF7FDB301DB40B1D00B281B1 /* GoogleService-Info.plist in Resources */,
				AFA844161DA6EFBB00171FB5 /* Assets.xcassets in Resources */,
				AFA844141DA6EFBB00171FB5 /* Main.storyboard in Resources */,
			);
			runOnlyForDeploymentPostprocessing = 0;
		};
		AFA8441D1DA6EFBB00171FB5 /* Resources */ = {
			isa = PBXResourcesBuildPhase;
			buildActionMask = 2147483647;
			files = (
			);
			runOnlyForDeploymentPostprocessing = 0;
		};
		AFA844281DA6EFBB00171FB5 /* Resources */ = {
			isa = PBXResourcesBuildPhase;
			buildActionMask = 2147483647;
			files = (
			);
			runOnlyForDeploymentPostprocessing = 0;
		};
/* End PBXResourcesBuildPhase section */

/* Begin PBXShellScriptBuildPhase section */
		20A80FC8CB40876EEB3A0805 /* [CP] Embed Pods Frameworks */ = {
			isa = PBXShellScriptBuildPhase;
			buildActionMask = 2147483647;
			files = (
			);
			inputPaths = (
			);
			name = "[CP] Embed Pods Frameworks";
			outputPaths = (
			);
			runOnlyForDeploymentPostprocessing = 0;
			shellPath = /bin/sh;
			shellScript = "\"${SRCROOT}/Pods/Target Support Files/Pods-dev-chat/Pods-dev-chat-frameworks.sh\"\n";
			showEnvVarsInLog = 0;
		};
		2B1FA132292C6A1E75B4E1E1 /* [CP] Check Pods Manifest.lock */ = {
			isa = PBXShellScriptBuildPhase;
			buildActionMask = 2147483647;
			files = (
			);
			inputPaths = (
			);
			name = "[CP] Check Pods Manifest.lock";
			outputPaths = (
			);
			runOnlyForDeploymentPostprocessing = 0;
			shellPath = /bin/sh;
			shellScript = "diff \"${PODS_ROOT}/../Podfile.lock\" \"${PODS_ROOT}/Manifest.lock\" > /dev/null\nif [[ $? != 0 ]] ; then\n    cat << EOM\nerror: The sandbox is not in sync with the Podfile.lock. Run 'pod install' or update your CocoaPods installation.\nEOM\n    exit 1\nfi\n";
			showEnvVarsInLog = 0;
		};
		34D216DA1C5473E8CE1CD587 /* [CP] Check Pods Manifest.lock */ = {
			isa = PBXShellScriptBuildPhase;
			buildActionMask = 2147483647;
			files = (
			);
			inputPaths = (
			);
			name = "[CP] Check Pods Manifest.lock";
			outputPaths = (
			);
			runOnlyForDeploymentPostprocessing = 0;
			shellPath = /bin/sh;
			shellScript = "diff \"${PODS_ROOT}/../Podfile.lock\" \"${PODS_ROOT}/Manifest.lock\" > /dev/null\nif [[ $? != 0 ]] ; then\n    cat << EOM\nerror: The sandbox is not in sync with the Podfile.lock. Run 'pod install' or update your CocoaPods installation.\nEOM\n    exit 1\nfi\n";
			showEnvVarsInLog = 0;
		};
		A0EDD4CEBBA3A0F17427FBE6 /* [CP] Check Pods Manifest.lock */ = {
			isa = PBXShellScriptBuildPhase;
			buildActionMask = 2147483647;
			files = (
			);
			inputPaths = (
			);
			name = "[CP] Check Pods Manifest.lock";
			outputPaths = (
			);
			runOnlyForDeploymentPostprocessing = 0;
			shellPath = /bin/sh;
			shellScript = "diff \"${PODS_ROOT}/../Podfile.lock\" \"${PODS_ROOT}/Manifest.lock\" > /dev/null\nif [[ $? != 0 ]] ; then\n    cat << EOM\nerror: The sandbox is not in sync with the Podfile.lock. Run 'pod install' or update your CocoaPods installation.\nEOM\n    exit 1\nfi\n";
			showEnvVarsInLog = 0;
		};
		B5D19C4560A7BE690BACD106 /* [CP] Copy Pods Resources */ = {
			isa = PBXShellScriptBuildPhase;
			buildActionMask = 2147483647;
			files = (
			);
			inputPaths = (
			);
			name = "[CP] Copy Pods Resources";
			outputPaths = (
			);
			runOnlyForDeploymentPostprocessing = 0;
			shellPath = /bin/sh;
			shellScript = "\"${SRCROOT}/Pods/Target Support Files/Pods-dev-chat/Pods-dev-chat-resources.sh\"\n";
			showEnvVarsInLog = 0;
		};
		BF09D1EFD738B6833C9C9073 /* [CP] Copy Pods Resources */ = {
			isa = PBXShellScriptBuildPhase;
			buildActionMask = 2147483647;
			files = (
			);
			inputPaths = (
			);
			name = "[CP] Copy Pods Resources";
			outputPaths = (
			);
			runOnlyForDeploymentPostprocessing = 0;
			shellPath = /bin/sh;
			shellScript = "\"${SRCROOT}/Pods/Target Support Files/Pods-dev-chatTests/Pods-dev-chatTests-resources.sh\"\n";
			showEnvVarsInLog = 0;
		};
		D3023641A1FC80B79D33481C /* [CP] Embed Pods Frameworks */ = {
			isa = PBXShellScriptBuildPhase;
			buildActionMask = 2147483647;
			files = (
			);
			inputPaths = (
			);
			name = "[CP] Embed Pods Frameworks";
			outputPaths = (
			);
			runOnlyForDeploymentPostprocessing = 0;
			shellPath = /bin/sh;
			shellScript = "\"${SRCROOT}/Pods/Target Support Files/Pods-dev-chatTests/Pods-dev-chatTests-frameworks.sh\"\n";
			showEnvVarsInLog = 0;
		};
		F61ACCD4109493075C34E658 /* [CP] Copy Pods Resources */ = {
			isa = PBXShellScriptBuildPhase;
			buildActionMask = 2147483647;
			files = (
			);
			inputPaths = (
			);
			name = "[CP] Copy Pods Resources";
			outputPaths = (
			);
			runOnlyForDeploymentPostprocessing = 0;
			shellPath = /bin/sh;
			shellScript = "\"${SRCROOT}/Pods/Target Support Files/Pods-dev-chatUITests/Pods-dev-chatUITests-resources.sh\"\n";
			showEnvVarsInLog = 0;
		};
/* End PBXShellScriptBuildPhase section */

/* Begin PBXSourcesBuildPhase section */
		AFA844071DA6EFBB00171FB5 /* Sources */ = {
			isa = PBXSourcesBuildPhase;
			buildActionMask = 2147483647;
			files = (
				AFA844111DA6EFBB00171FB5 /* CameraVC.swift in Sources */,
				AFA8443F1DA6F46D00171FB5 /* CameraViewController.swift in Sources */,
				AFA8440F1DA6EFBB00171FB5 /* AppDelegate.swift in Sources */,
				AFFE215E1DB546D000EEE656 /* RoundedButton.swift in Sources */,
				AFFE215C1DB53F4A00EEE656 /* RoundTextField.swift in Sources */,
				AFA844411DA6F49B00171FB5 /* PhotoCaptureDelegate.swift in Sources */,
				AFFFF3751DAD62FF0067D536 /* CameraViewControllerDelegate.swift in Sources */,
				AFA8443E1DA6F46D00171FB5 /* PreviewView.swift in Sources */,
			);
			runOnlyForDeploymentPostprocessing = 0;
		};
		AFA8441B1DA6EFBB00171FB5 /* Sources */ = {
			isa = PBXSourcesBuildPhase;
			buildActionMask = 2147483647;
			files = (
				AFA844241DA6EFBB00171FB5 /* dev_chatTests.swift in Sources */,
			);
			runOnlyForDeploymentPostprocessing = 0;
		};
		AFA844261DA6EFBB00171FB5 /* Sources */ = {
			isa = PBXSourcesBuildPhase;
			buildActionMask = 2147483647;
			files = (
				AFA8442F1DA6EFBB00171FB5 /* dev_chatUITests.swift in Sources */,
			);
			runOnlyForDeploymentPostprocessing = 0;
		};
/* End PBXSourcesBuildPhase section */

/* Begin PBXTargetDependency section */
		AFA844211DA6EFBB00171FB5 /* PBXTargetDependency */ = {
			isa = PBXTargetDependency;
			target = AFA8440A1DA6EFBB00171FB5 /* dev-chat */;
			targetProxy = AFA844201DA6EFBB00171FB5 /* PBXContainerItemProxy */;
		};
		AFA8442C1DA6EFBB00171FB5 /* PBXTargetDependency */ = {
			isa = PBXTargetDependency;
			target = AFA8440A1DA6EFBB00171FB5 /* dev-chat */;
			targetProxy = AFA8442B1DA6EFBB00171FB5 /* PBXContainerItemProxy */;
		};
/* End PBXTargetDependency section */

/* Begin PBXVariantGroup section */
		AFA844121DA6EFBB00171FB5 /* Main.storyboard */ = {
			isa = PBXVariantGroup;
			children = (
				AFA844131DA6EFBB00171FB5 /* Base */,
			);
			name = Main.storyboard;
			sourceTree = "<group>";
		};
		AFA844171DA6EFBB00171FB5 /* LaunchScreen.storyboard */ = {
			isa = PBXVariantGroup;
			children = (
				AFA844181DA6EFBB00171FB5 /* Base */,
			);
			name = LaunchScreen.storyboard;
			sourceTree = "<group>";
		};
/* End PBXVariantGroup section */

/* Begin XCBuildConfiguration section */
		AFA844311DA6EFBB00171FB5 /* Debug */ = {
			isa = XCBuildConfiguration;
			buildSettings = {
				ALWAYS_SEARCH_USER_PATHS = NO;
				CLANG_ANALYZER_NONNULL = YES;
				CLANG_CXX_LANGUAGE_STANDARD = "gnu++0x";
				CLANG_CXX_LIBRARY = "libc++";
				CLANG_ENABLE_MODULES = YES;
				CLANG_ENABLE_OBJC_ARC = YES;
				CLANG_WARN_BOOL_CONVERSION = YES;
				CLANG_WARN_CONSTANT_CONVERSION = YES;
				CLANG_WARN_DIRECT_OBJC_ISA_USAGE = YES_ERROR;
				CLANG_WARN_DOCUMENTATION_COMMENTS = YES;
				CLANG_WARN_EMPTY_BODY = YES;
				CLANG_WARN_ENUM_CONVERSION = YES;
				CLANG_WARN_INFINITE_RECURSION = YES;
				CLANG_WARN_INT_CONVERSION = YES;
				CLANG_WARN_OBJC_ROOT_CLASS = YES_ERROR;
				CLANG_WARN_SUSPICIOUS_MOVES = YES;
				CLANG_WARN_UNREACHABLE_CODE = YES;
				CLANG_WARN__DUPLICATE_METHOD_MATCH = YES;
				"CODE_SIGN_IDENTITY[sdk=iphoneos*]" = "iPhone Developer";
				COPY_PHASE_STRIP = NO;
				DEBUG_INFORMATION_FORMAT = dwarf;
				ENABLE_STRICT_OBJC_MSGSEND = YES;
				ENABLE_TESTABILITY = YES;
				GCC_C_LANGUAGE_STANDARD = gnu99;
				GCC_DYNAMIC_NO_PIC = NO;
				GCC_NO_COMMON_BLOCKS = YES;
				GCC_OPTIMIZATION_LEVEL = 0;
				GCC_PREPROCESSOR_DEFINITIONS = (
					"DEBUG=1",
					"$(inherited)",
				);
				GCC_WARN_64_TO_32_BIT_CONVERSION = YES;
				GCC_WARN_ABOUT_RETURN_TYPE = YES_ERROR;
				GCC_WARN_UNDECLARED_SELECTOR = YES;
				GCC_WARN_UNINITIALIZED_AUTOS = YES_AGGRESSIVE;
				GCC_WARN_UNUSED_FUNCTION = YES;
				GCC_WARN_UNUSED_VARIABLE = YES;
				IPHONEOS_DEPLOYMENT_TARGET = 10.0;
				MTL_ENABLE_DEBUG_INFO = YES;
				ONLY_ACTIVE_ARCH = YES;
				SDKROOT = iphoneos;
				SWIFT_ACTIVE_COMPILATION_CONDITIONS = DEBUG;
				SWIFT_OPTIMIZATION_LEVEL = "-Onone";
				TARGETED_DEVICE_FAMILY = "1,2";
			};
			name = Debug;
		};
		AFA844321DA6EFBB00171FB5 /* Release */ = {
			isa = XCBuildConfiguration;
			buildSettings = {
				ALWAYS_SEARCH_USER_PATHS = NO;
				CLANG_ANALYZER_NONNULL = YES;
				CLANG_CXX_LANGUAGE_STANDARD = "gnu++0x";
				CLANG_CXX_LIBRARY = "libc++";
				CLANG_ENABLE_MODULES = YES;
				CLANG_ENABLE_OBJC_ARC = YES;
				CLANG_WARN_BOOL_CONVERSION = YES;
				CLANG_WARN_CONSTANT_CONVERSION = YES;
				CLANG_WARN_DIRECT_OBJC_ISA_USAGE = YES_ERROR;
				CLANG_WARN_DOCUMENTATION_COMMENTS = YES;
				CLANG_WARN_EMPTY_BODY = YES;
				CLANG_WARN_ENUM_CONVERSION = YES;
				CLANG_WARN_INFINITE_RECURSION = YES;
				CLANG_WARN_INT_CONVERSION = YES;
				CLANG_WARN_OBJC_ROOT_CLASS = YES_ERROR;
				CLANG_WARN_SUSPICIOUS_MOVES = YES;
				CLANG_WARN_UNREACHABLE_CODE = YES;
				CLANG_WARN__DUPLICATE_METHOD_MATCH = YES;
				"CODE_SIGN_IDENTITY[sdk=iphoneos*]" = "iPhone Developer";
				COPY_PHASE_STRIP = NO;
				DEBUG_INFORMATION_FORMAT = "dwarf-with-dsym";
				ENABLE_NS_ASSERTIONS = NO;
				ENABLE_STRICT_OBJC_MSGSEND = YES;
				GCC_C_LANGUAGE_STANDARD = gnu99;
				GCC_NO_COMMON_BLOCKS = YES;
				GCC_WARN_64_TO_32_BIT_CONVERSION = YES;
				GCC_WARN_ABOUT_RETURN_TYPE = YES_ERROR;
				GCC_WARN_UNDECLARED_SELECTOR = YES;
				GCC_WARN_UNINITIALIZED_AUTOS = YES_AGGRESSIVE;
				GCC_WARN_UNUSED_FUNCTION = YES;
				GCC_WARN_UNUSED_VARIABLE = YES;
				IPHONEOS_DEPLOYMENT_TARGET = 10.0;
				MTL_ENABLE_DEBUG_INFO = NO;
				SDKROOT = iphoneos;
				SWIFT_OPTIMIZATION_LEVEL = "-Owholemodule";
				TARGETED_DEVICE_FAMILY = "1,2";
				VALIDATE_PRODUCT = YES;
			};
			name = Release;
		};
		AFA844341DA6EFBB00171FB5 /* Debug */ = {
			isa = XCBuildConfiguration;
			baseConfigurationReference = 5EEFDAF6990F21564EA30A95 /* Pods-dev-chat.debug.xcconfig */;
			buildSettings = {
				ASSETCATALOG_COMPILER_APPICON_NAME = AppIcon;
				DEVELOPMENT_TEAM = XP74QF7MZ5;
				INFOPLIST_FILE = "dev-chat/Info.plist";
				LD_RUNPATH_SEARCH_PATHS = "$(inherited) @executable_path/Frameworks";
				PRODUCT_BUNDLE_IDENTIFIER = "com.ryanhuebert.dev-chat";
				PRODUCT_NAME = "$(TARGET_NAME)";
				SWIFT_VERSION = 3.0;
			};
			name = Debug;
		};
		AFA844351DA6EFBB00171FB5 /* Release */ = {
			isa = XCBuildConfiguration;
			baseConfigurationReference = C5B2C524DD1B5372F8110A10 /* Pods-dev-chat.release.xcconfig */;
			buildSettings = {
				ASSETCATALOG_COMPILER_APPICON_NAME = AppIcon;
				DEVELOPMENT_TEAM = XP74QF7MZ5;
				INFOPLIST_FILE = "dev-chat/Info.plist";
				LD_RUNPATH_SEARCH_PATHS = "$(inherited) @executable_path/Frameworks";
				PRODUCT_BUNDLE_IDENTIFIER = "com.ryanhuebert.dev-chat";
				PRODUCT_NAME = "$(TARGET_NAME)";
				SWIFT_VERSION = 3.0;
			};
			name = Release;
		};
		AFA844371DA6EFBB00171FB5 /* Debug */ = {
			isa = XCBuildConfiguration;
			baseConfigurationReference = 0C5EC1264B0BE254B630B7DC /* Pods-dev-chatTests.debug.xcconfig */;
			buildSettings = {
				ALWAYS_EMBED_SWIFT_STANDARD_LIBRARIES = YES;
				BUNDLE_LOADER = "$(TEST_HOST)";
				DEVELOPMENT_TEAM = XP74QF7MZ5;
				INFOPLIST_FILE = "dev-chatTests/Info.plist";
				LD_RUNPATH_SEARCH_PATHS = "$(inherited) @executable_path/Frameworks @loader_path/Frameworks";
				PRODUCT_BUNDLE_IDENTIFIER = "com.ryanhuebert.dev-chatTests";
				PRODUCT_NAME = "$(TARGET_NAME)";
				SWIFT_VERSION = 3.0;
				TEST_HOST = "$(BUILT_PRODUCTS_DIR)/dev-chat.app/dev-chat";
			};
			name = Debug;
		};
		AFA844381DA6EFBB00171FB5 /* Release */ = {
			isa = XCBuildConfiguration;
			baseConfigurationReference = DA1692B0ADF5E2AF05C1A93C /* Pods-dev-chatTests.release.xcconfig */;
			buildSettings = {
				ALWAYS_EMBED_SWIFT_STANDARD_LIBRARIES = YES;
				BUNDLE_LOADER = "$(TEST_HOST)";
				DEVELOPMENT_TEAM = XP74QF7MZ5;
				INFOPLIST_FILE = "dev-chatTests/Info.plist";
				LD_RUNPATH_SEARCH_PATHS = "$(inherited) @executable_path/Frameworks @loader_path/Frameworks";
				PRODUCT_BUNDLE_IDENTIFIER = "com.ryanhuebert.dev-chatTests";
				PRODUCT_NAME = "$(TARGET_NAME)";
				SWIFT_VERSION = 3.0;
				TEST_HOST = "$(BUILT_PRODUCTS_DIR)/dev-chat.app/dev-chat";
			};
			name = Release;
		};
		AFA8443A1DA6EFBB00171FB5 /* Debug */ = {
			isa = XCBuildConfiguration;
			baseConfigurationReference = BDD29DDD7745A69A35E585E2 /* Pods-dev-chatUITests.debug.xcconfig */;
			buildSettings = {
				ALWAYS_EMBED_SWIFT_STANDARD_LIBRARIES = YES;
				DEVELOPMENT_TEAM = XP74QF7MZ5;
				INFOPLIST_FILE = "dev-chatUITests/Info.plist";
				LD_RUNPATH_SEARCH_PATHS = "$(inherited) @executable_path/Frameworks @loader_path/Frameworks";
				PRODUCT_BUNDLE_IDENTIFIER = "com.ryanhuebert.dev-chatUITests";
				PRODUCT_NAME = "$(TARGET_NAME)";
				SWIFT_VERSION = 3.0;
				TEST_TARGET_NAME = "dev-chat";
			};
			name = Debug;
		};
		AFA8443B1DA6EFBB00171FB5 /* Release */ = {
			isa = XCBuildConfiguration;
			baseConfigurationReference = E22B006891B886DD43C72128 /* Pods-dev-chatUITests.release.xcconfig */;
			buildSettings = {
				ALWAYS_EMBED_SWIFT_STANDARD_LIBRARIES = YES;
				DEVELOPMENT_TEAM = XP74QF7MZ5;
				INFOPLIST_FILE = "dev-chatUITests/Info.plist";
				LD_RUNPATH_SEARCH_PATHS = "$(inherited) @executable_path/Frameworks @loader_path/Frameworks";
				PRODUCT_BUNDLE_IDENTIFIER = "com.ryanhuebert.dev-chatUITests";
				PRODUCT_NAME = "$(TARGET_NAME)";
				SWIFT_VERSION = 3.0;
				TEST_TARGET_NAME = "dev-chat";
			};
			name = Release;
		};
/* End XCBuildConfiguration section */

/* Begin XCConfigurationList section */
		AFA844061DA6EFBB00171FB5 /* Build configuration list for PBXProject "dev-chat" */ = {
			isa = XCConfigurationList;
			buildConfigurations = (
				AFA844311DA6EFBB00171FB5 /* Debug */,
				AFA844321DA6EFBB00171FB5 /* Release */,
			);
			defaultConfigurationIsVisible = 0;
			defaultConfigurationName = Release;
		};
		AFA844331DA6EFBB00171FB5 /* Build configuration list for PBXNativeTarget "dev-chat" */ = {
			isa = XCConfigurationList;
			buildConfigurations = (
				AFA844341DA6EFBB00171FB5 /* Debug */,
				AFA844351DA6EFBB00171FB5 /* Release */,
			);
			defaultConfigurationIsVisible = 0;
			defaultConfigurationName = Release;
		};
		AFA844361DA6EFBB00171FB5 /* Build configuration list for PBXNativeTarget "dev-chatTests" */ = {
			isa = XCConfigurationList;
			buildConfigurations = (
				AFA844371DA6EFBB00171FB5 /* Debug */,
				AFA844381DA6EFBB00171FB5 /* Release */,
			);
			defaultConfigurationIsVisible = 0;
			defaultConfigurationName = Release;
		};
		AFA844391DA6EFBB00171FB5 /* Build configuration list for PBXNativeTarget "dev-chatUITests" */ = {
			isa = XCConfigurationList;
			buildConfigurations = (
				AFA8443A1DA6EFBB00171FB5 /* Debug */,
				AFA8443B1DA6EFBB00171FB5 /* Release */,
			);
			defaultConfigurationIsVisible = 0;
			defaultConfigurationName = Release;
		};
/* End XCConfigurationList section */
	};
	rootObject = AFA844031DA6EFBB00171FB5 /* Project object */;
}
